
Microsoft Visual Studio Solution File, Format Version 12.00
# Visual Studio Version 17
VisualStudioVersion = 17.0.31903.59
MinimumVisualStudioVersion = 10.0.40219.1
Project("{2150E333-8FDC-42A3-9474-1A3956D46DE8}") = "src", "src", "{827E0CD3-B72D-47B6-A68D-7590B98EB39B}"
EndProject
Project("{FAE04EC0-301F-11D3-BF4B-00C04F79EFBC}") = "Vehimap.Domain", "src\Vehimap.Domain\Vehimap.Domain.csproj", "{60B8E188-4B69-4AD5-A971-9AE825046AAA}"
EndProject
Project("{FAE04EC0-301F-11D3-BF4B-00C04F79EFBC}") = "Vehimap.Application", "src\Vehimap.Application\Vehimap.Application.csproj", "{1903DBCA-5FC4-4C74-89A3-FF39D8C00769}"
EndProject
Project("{FAE04EC0-301F-11D3-BF4B-00C04F79EFBC}") = "Vehimap.Storage.Legacy", "src\Vehimap.Storage.Legacy\Vehimap.Storage.Legacy.csproj", "{F5488F6A-E8E5-48A7-8BDD-D3C8E649A531}"
EndProject
Project("{FAE04EC0-301F-11D3-BF4B-00C04F79EFBC}") = "Vehimap.Storage.Sqlite", "src\Vehimap.Storage.Sqlite\Vehimap.Storage.Sqlite.csproj", "{5A6B81B3-0514-4552-A088-22AF1EA9ECCE}"
EndProject
Project("{FAE04EC0-301F-11D3-BF4B-00C04F79EFBC}") = "Vehimap.Mobile", "src\Vehimap.Mobile\Vehimap.Mobile.csproj", "{E7E79E3D-5E4D-45AF-9C01-4F9DDA5BE630}"
EndProject
Project("{FAE04EC0-301F-11D3-BF4B-00C04F79EFBC}") = "Vehimap.Android", "src\Vehimap.Android\Vehimap.Android.csproj", "{C35CD046-D37C-405F-A605-A46C8A4ACA18}"
EndProject
Global
	GlobalSection(SolutionConfigurationPlatforms) = preSolution
		Debug|Any CPU = Debug|Any CPU
		Debug|x64 = Debug|x64
		Debug|x86 = Debug|x86
		Release|Any CPU = Release|Any CPU
		Release|x64 = Release|x64
		Release|x86 = Release|x86
	EndGlobalSection
	GlobalSection(ProjectConfigurationPlatforms) = postSolution
		{60B8E188-4B69-4AD5-A971-9AE825046AAA}.Debug|Any CPU.ActiveCfg = Debug|Any CPU
		{60B8E188-4B69-4AD5-A971-9AE825046AAA}.Debug|Any CPU.Build.0 = Debug|Any CPU
		{60B8E188-4B69-4AD5-A971-9AE825046AAA}.Debug|x64.ActiveCfg = Debug|Any CPU
		{60B8E188-4B69-4AD5-A971-9AE825046AAA}.Debug|x64.Build.0 = Debug|Any CPU
		{60B8E188-4B69-4AD5-A971-9AE825046AAA}.Debug|x86.ActiveCfg = Debug|Any CPU
		{60B8E188-4B69-4AD5-A971-9AE825046AAA}.Debug|x86.Build.0 = Debug|Any CPU
		{60B8E188-4B69-4AD5-A971-9AE825046AAA}.Release|Any CPU.ActiveCfg = Release|Any CPU
		{60B8E188-4B69-4AD5-A971-9AE825046AAA}.Release|Any CPU.Build.0 = Release|Any CPU
		{60B8E188-4B69-4AD5-A971-9AE825046AAA}.Release|x64.ActiveCfg = Release|Any CPU
		{60B8E188-4B69-4AD5-A971-9AE825046AAA}.Release|x64.Build.0 = Release|Any CPU
		{60B8E188-4B69-4AD5-A971-9AE825046AAA}.Release|x86.ActiveCfg = Release|Any CPU
		{60B8E188-4B69-4AD5-A971-9AE825046AAA}.Release|x86.Build.0 = Release|Any CPU
		{1903DBCA-5FC4-4C74-89A3-FF39D8C00769}.Debug|Any CPU.ActiveCfg = Debug|Any CPU
		{1903DBCA-5FC4-4C74-89A3-FF39D8C00769}.Debug|Any CPU.Build.0 = Debug|Any CPU
		{1903DBCA-5FC4-4C74-89A3-FF39D8C00769}.Debug|x64.ActiveCfg = Debug|Any CPU
		{1903DBCA-5FC4-4C74-89A3-FF39D8C00769}.Debug|x64.Build.0 = Debug|Any CPU
		{1903DBCA-5FC4-4C74-89A3-FF39D8C00769}.Debug|x86.ActiveCfg = Debug|Any CPU
		{1903DBCA-5FC4-4C74-89A3-FF39D8C00769}.Debug|x86.Build.0 = Debug|Any CPU
		{1903DBCA-5FC4-4C74-89A3-FF39D8C00769}.Release|Any CPU.ActiveCfg = Release|Any CPU
		{1903DBCA-5FC4-4C74-89A3-FF39D8C00769}.Release|Any CPU.Build.0 = Release|Any CPU
		{1903DBCA-5FC4-4C74-89A3-FF39D8C00769}.Release|x64.ActiveCfg = Release|Any CPU
		{1903DBCA-5FC4-4C74-89A3-FF39D8C00769}.Release|x64.Build.0 = Release|Any CPU
		{1903DBCA-5FC4-4C74-89A3-FF39D8C00769}.Release|x86.ActiveCfg = Release|Any CPU
		{1903DBCA-5FC4-4C74-89A3-FF39D8C00769}.Release|x86.Build.0 = Release|Any CPU
		{F5488F6A-E8E5-48A7-8BDD-D3C8E649A531}.Debug|Any CPU.ActiveCfg = Debug|Any CPU
		{F5488F6A-E8E5-48A7-8BDD-D3C8E649A531}.Debug|Any CPU.Build.0 = Debug|Any CPU
		{F5488F6A-E8E5-48A7-8BDD-D3C8E649A531}.Debug|x64.ActiveCfg = Debug|Any CPU
		{F5488F6A-E8E5-48A7-8BDD-D3C8E649A531}.Debug|x64.Build.0 = Debug|Any CPU
		{F5488F6A-E8E5-48A7-8BDD-D3C8E649A531}.Debug|x86.ActiveCfg = Debug|Any CPU
		{F5488F6A-E8E5-48A7-8BDD-D3C8E649A531}.Debug|x86.Build.0 = Debug|Any CPU
		{F5488F6A-E8E5-48A7-8BDD-D3C8E649A531}.Release|Any CPU.ActiveCfg = Release|Any CPU
		{F5488F6A-E8E5-48A7-8BDD-D3C8E649A531}.Release|Any CPU.Build.0 = Release|Any CPU
		{F5488F6A-E8E5-48A7-8BDD-D3C8E649A531}.Release|x64.ActiveCfg = Release|Any CPU
		{F5488F6A-E8E5-48A7-8BDD-D3C8E649A531}.Release|x64.Build.0 = Release|Any CPU
		{F5488F6A-E8E5-48A7-8BDD-D3C8E649A531}.Release|x86.ActiveCfg = Release|Any CPU
		{F5488F6A-E8E5-48A7-8BDD-D3C8E649A531}.Release|x86.Build.0 = Release|Any CPU
		{5A6B81B3-0514-4552-A088-22AF1EA9ECCE}.Debug|Any CPU.ActiveCfg = Debug|Any CPU
		{5A6B81B3-0514-4552-A088-22AF1EA9ECCE}.Debug|Any CPU.Build.0 = Debug|Any CPU
		{5A6B81B3-0514-4552-A088-22AF1EA9ECCE}.Debug|x64.ActiveCfg = Debug|Any CPU
		{5A6B81B3-0514-4552-A088-22AF1EA9ECCE}.Debug|x64.Build.0 = Debug|Any CPU
		{5A6B81B3-0514-4552-A088-22AF1EA9ECCE}.Debug|x86.ActiveCfg = Debug|Any CPU
		{5A6B81B3-0514-4552-A088-22AF1EA9ECCE}.Debug|x86.Build.0 = Debug|Any CPU
		{5A6B81B3-0514-4552-A088-22AF1EA9ECCE}.Release|Any CPU.ActiveCfg = Release|Any CPU
		{5A6B81B3-0514-4552-A088-22AF1EA9ECCE}.Release|Any CPU.Build.0 = Release|Any CPU
		{5A6B81B3-0514-4552-A088-22AF1EA9ECCE}.Release|x64.ActiveCfg = Release|Any CPU
		{5A6B81B3-0514-4552-A088-22AF1EA9ECCE}.Release|x64.Build.0 = Release|Any CPU
		{5A6B81B3-0514-4552-A088-22AF1EA9ECCE}.Release|x86.ActiveCfg = Release|Any CPU
		{5A6B81B3-0514-4552-A088-22AF1EA9ECCE}.Release|x86.Build.0 = Release|Any CPU
		{E7E79E3D-5E4D-45AF-9C01-4F9DDA5BE630}.Debug|Any CPU.ActiveCfg = Debug|Any CPU
		{E7E79E3D-5E4D-45AF-9C01-4F9DDA5BE630}.Debug|Any CPU.Build.0 = Debug|Any CPU
		{E7E79E3D-5E4D-45AF-9C01-4F9DDA5BE630}.Debug|x64.ActiveCfg = Debug|Any CPU
		{E7E79E3D-5E4D-45AF-9C01-4F9DDA5BE630}.Debug|x64.Build.0 = Debug|Any CPU
		{E7E79E3D-5E4D-45AF-9C01-4F9DDA5BE630}.Debug|x86.ActiveCfg = Debug|Any CPU
		{E7E79E3D-5E4D-45AF-9C01-4F9DDA5BE630}.Debug|x86.Build.0 = Debug|Any CPU
		{E7E79E3D-5E4D-45AF-9C01-4F9DDA5BE630}.Release|Any CPU.ActiveCfg = Release|Any CPU
		{E7E79E3D-5E4D-45AF-9C01-4F9DDA5BE630}.Release|Any CPU.Build.0 = Release|Any CPU
		{E7E79E3D-5E4D-45AF-9C01-4F9DDA5BE630}.Release|x64.ActiveCfg = Release|Any CPU
		{E7E79E3D-5E4D-45AF-9C01-4F9DDA5BE630}.Release|x64.Build.0 = Release|Any CPU
		{E7E79E3D-5E4D-45AF-9C01-4F9DDA5BE630}.Release|x86.ActiveCfg = Release|Any CPU
		{E7E79E3D-5E4D-45AF-9C01-4F9DDA5BE630}.Release|x86.Build.0 = Release|Any CPU
		{C35CD046-D37C-405F-A605-A46C8A4ACA18}.Debug|Any CPU.ActiveCfg = Debug|Any CPU
		{C35CD046-D37C-405F-A605-A46C8A4ACA18}.Debug|Any CPU.Build.0 = Debug|Any CPU
		{C35CD046-D37C-405F-A605-A46C8A4ACA18}.Debug|x64.ActiveCfg = Debug|Any CPU
		{C35CD046-D37C-405F-A605-A46C8A4ACA18}.Debug|x64.Build.0 = Debug|Any CPU
		{C35CD046-D37C-405F-A605-A46C8A4ACA18}.Debug|x86.ActiveCfg = Debug|Any CPU
		{C35CD046-D37C-405F-A605-A46C8A4ACA18}.Debug|x86.Build.0 = Debug|Any CPU
		{C35CD046-D37C-405F-A605-A46C8A4ACA18}.Release|Any CPU.ActiveCfg = Release|Any CPU
		{C35CD046-D37C-405F-A605-A46C8A4ACA18}.Release|Any CPU.Build.0 = Release|Any CPU
		{C35CD046-D37C-405F-A605-A46C8A4ACA18}.Release|x64.ActiveCfg = Release|Any CPU
		{C35CD046-D37C-405F-A605-A46C8A4ACA18}.Release|x64.Build.0 = Release|Any CPU
		{C35CD046-D37C-405F-A605-A46C8A4ACA18}.Release|x86.ActiveCfg = Release|Any CPU
		{C35CD046-D37C-405F-A605-A46C8A4ACA18}.Release|x86.Build.0 = Release|Any CPU
	EndGlobalSection
	GlobalSection(SolutionProperties) = preSolution
		HideSolutionNode = FALSE
	EndGlobalSection
	GlobalSection(NestedProjects) = preSolution
		{60B8E188-4B69-4AD5-A971-9AE825046AAA} = {827E0CD3-B72D-47B6-A68D-7590B98EB39B}
		{1903DBCA-5FC4-4C74-89A3-FF39D8C00769} = {827E0CD3-B72D-47B6-A68D-7590B98EB39B}
		{F5488F6A-E8E5-48A7-8BDD-D3C8E649A531} = {827E0CD3-B72D-47B6-A68D-7590B98EB39B}
		{5A6B81B3-0514-4552-A088-22AF1EA9ECCE} = {827E0CD3-B72D-47B6-A68D-7590B98EB39B}
		{E7E79E3D-5E4D-45AF-9C01-4F9DDA5BE630} = {827E0CD3-B72D-47B6-A68D-7590B98EB39B}
		{C35CD046-D37C-405F-A605-A46C8A4ACA18} = {827E0CD3-B72D-47B6-A68D-7590B98EB39B}
	EndGlobalSection
EndGlobal
